
Microsoft Visual Studio Solution File, Format Version 12.00
# Visual Studio 2012
Project("{FAE04EC0-301F-11D3-BF4B-00C04F79EFBC}") = "GrafoEDA", "GrafoEDA.csproj", "{57F59894-B9B0-4C52-88A1-4308FB5C1607}"
EndProject
Project("{FAE04EC0-301F-11D3-BF4B-00C04F79EFBC}") = "Teste", "Teste\Teste.csproj", "{E2CF62E4-6423-40A9-ABB2-F5EB68695617}"
EndProject
Global
	GlobalSection(SolutionConfigurationPlatforms) = preSolution
		Debug|Any CPU = Debug|Any CPU
		Release|Any CPU = Release|Any CPU
	EndGlobalSection
	GlobalSection(ProjectConfigurationPlatforms) = postSolution
		{57F59894-B9B0-4C52-88A1-4308FB5C1607}.Debug|Any CPU.ActiveCfg = Debug|Any CPU
		{57F59894-B9B0-4C52-88A1-4308FB5C1607}.Debug|Any CPU.Build.0 = Debug|Any CPU
		{57F59894-B9B0-4C52-88A1-4308FB5C1607}.Release|Any CPU.ActiveCfg = Release|Any CPU
		{57F59894-B9B0-4C52-88A1-4308FB5C1607}.Release|Any CPU.Build.0 = Release|Any CPU
		{E2CF62E4-6423-40A9-ABB2-F5EB68695617}.Debug|Any CPU.ActiveCfg = Debug|Any CPU
		{E2CF62E4-6423-40A9-ABB2-F5EB68695617}.Debug|Any CPU.Build.0 = Debug|Any CPU
		{E2CF62E4-6423-40A9-ABB2-F5EB68695617}.Release|Any CPU.ActiveCfg = Release|Any CPU
		{E2CF62E4-6423-40A9-ABB2-F5EB68695617}.Release|Any CPU.Build.0 = Release|Any CPU
	EndGlobalSection
	GlobalSection(SolutionProperties) = preSolution
		HideSolutionNode = FALSE
	EndGlobalSection
EndGlobal
